<?xml version="1.0" encoding="utf-8"?>
<Project ToolsVersion="4.0" xmlns="http://schemas.microsoft.com/developer/msbuild/2003">
  <ItemGroup>
    <ClCompile Include="main.cpp" />
    <ClCompile Include="Core.cpp">
      <Filter>Core</Filter>
    </ClCompile>
    <ClCompile Include="Input.cpp">
      <Filter>Core</Filter>
    </ClCompile>
    <ClCompile Include="MainMenu.cpp">
      <Filter>Game</Filter>
    </ClCompile>
    <ClCompile Include="Log.cpp">
      <Filter>Core</Filter>
    </ClCompile>
    <ClCompile Include="GameObject.cpp">
      <Filter>Core</Filter>
    </ClCompile>
    <ClCompile Include="Transformable.cpp">
      <Filter>Core\Stuff</Filter>
    </ClCompile>
    <ClCompile Include="FileSystem.cpp">
      <Filter>Core\Stuff</Filter>
    </ClCompile>
    <ClCompile Include="AssetManager.cpp">
      <Filter>Core\Stuff</Filter>
    </ClCompile>
    <ClCompile Include="Shader.cpp">
      <Filter>Rendering\Assets\Shader</Filter>
    </ClCompile>
    <ClCompile Include="Texture.cpp">
      <Filter>Rendering\Assets\Texture</Filter>
    </ClCompile>
    <ClCompile Include="Material.cpp">
      <Filter>Rendering\Assets\Texture\Material</Filter>
    </ClCompile>
    <ClCompile Include="Mesh.cpp">
      <Filter>Rendering\Assets\Model</Filter>
    </ClCompile>
    <ClCompile Include="GUI.cpp">
      <Filter>Rendering\GUI</Filter>
    </ClCompile>
    <ClCompile Include="Widget.cpp">
      <Filter>Rendering\GUI\Widgets</Filter>
    </ClCompile>
    <ClCompile Include="Label.cpp">
      <Filter>Rendering\GUI\Widgets</Filter>
    </ClCompile>
    <ClCompile Include="VerticalLayout.cpp">
      <Filter>Rendering\GUI\Layouts</Filter>
    </ClCompile>
    <ClCompile Include="Layout.cpp">
      <Filter>Rendering\GUI\Layouts</Filter>
    </ClCompile>
    <ClCompile Include="HorizontalLayout.cpp">
      <Filter>Rendering\GUI\Layouts</Filter>
    </ClCompile>
  </ItemGroup>
  <ItemGroup>
    <Filter Include="Core">
      <UniqueIdentifier>{bf226f69-5da7-4bdf-aaea-ec721590bcc6}</UniqueIdentifier>
    </Filter>
    <Filter Include="Rendering">
      <UniqueIdentifier>{ba0a719c-b098-4a4f-aba1-31b4ec29393a}</UniqueIdentifier>
    </Filter>
    <Filter Include="Game">
      <UniqueIdentifier>{546f6568-041e-4fa3-aab5-e839a9b45383}</UniqueIdentifier>
    </Filter>
    <Filter Include="Rendering\Assets">
      <UniqueIdentifier>{d375c15a-ef03-4f2e-bae6-67e1067fa0fa}</UniqueIdentifier>
    </Filter>
    <Filter Include="Core\Stuff">
      <UniqueIdentifier>{ea09f1b9-5519-4e94-84a6-94a9bc6f4875}</UniqueIdentifier>
    </Filter>
    <Filter Include="Rendering\Assets\Shader">
      <UniqueIdentifier>{a6472658-1034-4626-afb7-a7a8929eab91}</UniqueIdentifier>
    </Filter>
    <Filter Include="Rendering\Assets\Texture">
      <UniqueIdentifier>{f8aabbdc-b190-451f-8d50-d313c94f4e7f}</UniqueIdentifier>
    </Filter>
    <Filter Include="Rendering\Assets\Model">
      <UniqueIdentifier>{2aef969b-6bf3-479f-9e10-34a269b4baf4}</UniqueIdentifier>
    </Filter>
    <Filter Include="Rendering\Assets\Texture\Material">
      <UniqueIdentifier>{bc2a0bb0-c22a-4ad3-9f8a-6030c9358be0}</UniqueIdentifier>
    </Filter>
    <Filter Include="Rendering\GUI">
      <UniqueIdentifier>{a14ee827-a518-4e3a-b346-0b3943e2a6f5}</UniqueIdentifier>
    </Filter>
    <Filter Include="Rendering\GUI\Widgets">
      <UniqueIdentifier>{ef12851b-bd92-48c8-b462-2ba7ee960c29}</UniqueIdentifier>
    </Filter>
    <Filter Include="Rendering\GUI\Layouts">
      <UniqueIdentifier>{b7fac046-3f93-43c1-9af9-94bdfa8033dd}</UniqueIdentifier>
    </Filter>
  </ItemGroup>
  <ItemGroup>
    <ClInclude Include="Core.h">
      <Filter>Core</Filter>
    </ClInclude>
    <ClInclude Include="Input.h">
      <Filter>Core</Filter>
    </ClInclude>
    <ClInclude Include="MainMenu.h">
      <Filter>Game</Filter>
    </ClInclude>
    <ClInclude Include="Log.h">
      <Filter>Core</Filter>
    </ClInclude>
    <ClInclude Include="GameObject.h">
      <Filter>Core</Filter>
    </ClInclude>
    <ClInclude Include="Transformable.h">
      <Filter>Core\Stuff</Filter>
    </ClInclude>
    <ClInclude Include="State.h">
      <Filter>Core\Stuff</Filter>
    </ClInclude>
    <ClInclude Include="Math.h">
      <Filter>Core\Stuff</Filter>
    </ClInclude>
    <ClInclude Include="FileSystem.h">
      <Filter>Core\Stuff</Filter>
    </ClInclude>
    <ClInclude Include="AssetManager.h">
      <Filter>Core\Stuff</Filter>
    </ClInclude>
    <ClInclude Include="EntitySystem.h">
      <Filter>Core\Stuff</Filter>
    </ClInclude>
    <ClInclude Include="Component.h">
      <Filter>Core\Stuff</Filter>
    </ClInclude>
    <ClInclude Include="Shader.h">
      <Filter>Rendering\Assets\Shader</Filter>
    </ClInclude>
    <ClInclude Include="Texture.h">
      <Filter>Rendering\Assets\Texture</Filter>
    </ClInclude>
    <ClInclude Include="Mesh.h">
      <Filter>Rendering\Assets\Model</Filter>
    </ClInclude>
    <ClInclude Include="Material.h">
      <Filter>Rendering\Assets\Texture\Material</Filter>
    </ClInclude>
    <ClInclude Include="GUI.h">
      <Filter>Rendering\GUI</Filter>
    </ClInclude>
    <ClInclude Include="Vertex.h">
      <Filter>Core\Stuff</Filter>
    </ClInclude>
    <ClInclude Include="Widget.h">
      <Filter>Rendering\GUI\Widgets</Filter>
    </ClInclude>
    <ClInclude Include="Label.h">
      <Filter>Rendering\GUI\Widgets</Filter>
    </ClInclude>
    <ClInclude Include="VerticalLayout.h">
      <Filter>Rendering\GUI\Layouts</Filter>
    </ClInclude>
    <ClInclude Include="Layout.h">
      <Filter>Rendering\GUI\Layouts</Filter>
    </ClInclude>
    <ClInclude Include="HorizontalLayout.h">
      <Filter>Rendering\GUI\Layouts</Filter>
    </ClInclude>
  </ItemGroup>
</Project>